
Microsoft Visual Studio Solution File, Format Version 12.00
# Visual Studio 2013
VisualStudioVersion = 12.0.31101.0
MinimumVisualStudioVersion = 10.0.40219.1
Project("{FAE04EC0-301F-11D3-BF4B-00C04F79EFBC}") = "HashTag.Logging.Web.Service", "HashTag.Logging.Web.Service\HashTag.Logging.Web.Service.csproj", "{51C1F103-D28A-4DF0-948F-5F028B02F8D8}"
EndProject
Project("{FAE04EC0-301F-11D3-BF4B-00C04F79EFBC}") = "HashTag.Logging.Web.Library", "HashTag.Logging.Web.Library\HashTag.Logging.Web.Library.csproj", "{6881591D-3A09-4A80-85BE-564222CD9595}"
EndProject
Project("{FAE04EC0-301F-11D3-BF4B-00C04F79EFBC}") = "HashTag.Elmah", "HashTag.Elmah\HashTag.Elmah.csproj", "{C92DC151-A0BA-4A5E-A20E-620EC9C06AFF}"
EndProject
Project("{2150E333-8FDC-42A3-9474-1A3956D46DE8}") = "__Demos", "__Demos", "{E3CF7125-5D53-4D44-B808-021488E0FAF3}"
EndProject
Project("{FAE04EC0-301F-11D3-BF4B-00C04F79EFBC}") = "HashTag.MVC.Elmah.RestClientDemo", "__DemosAndSupport\HashTag.MVC.Elmah.RestClientDemo\HashTag.MVC.Elmah.RestClientDemo.csproj", "{55B5D26B-95EC-436A-BCCC-684DCF88F9CB}"
EndProject
Project("{FAE04EC0-301F-11D3-BF4B-00C04F79EFBC}") = "HashTag.Elmah.RestProxy", "HashTag.Elmah.RestProxy\HashTag.Elmah.RestProxy.csproj", "{B191913A-1C54-4356-B436-F8CFA2F269F9}"
EndProject
Project("{FAE04EC0-301F-11D3-BF4B-00C04F79EFBC}") = "HashTag.Core.Project", "HashTag.Core.Project\HashTag.Core.Project.csproj", "{4CCD8FCC-8BFD-4787-8D0F-67994CB1D83D}"
EndProject
Project("{2150E333-8FDC-42A3-9474-1A3956D46DE8}") = "__SupportProjects", "__SupportProjects", "{F1B15DD9-8870-430E-89C5-DF5F1E469907}"
EndProject
Project("{FAE04EC0-301F-11D3-BF4B-00C04F79EFBC}") = "HashTag.Core.RestClient", "HashTag.Core.RestClient\HashTag.Core.RestClient.csproj", "{49139C04-DC1A-420C-83AE-072BD986E2EF}"
EndProject
Project("{FAE04EC0-301F-11D3-BF4B-00C04F79EFBC}") = "HashTag.Web.Api", "HashTag.Web.Api\HashTag.Web.Api.csproj", "{1E50E3C1-3D9D-491E-BD8A-C3C9FDE48722}"
EndProject
Project("{2150E333-8FDC-42A3-9474-1A3956D46DE8}") = ".nuget", ".nuget", "{280FF685-F0D1-46BE-9FFF-290430DD3811}"
	ProjectSection(SolutionItems) = preProject
		.nuget\NuGet.Config = .nuget\NuGet.Config
		.nuget\NuGet.exe = .nuget\NuGet.exe
		.nuget\NuGet.targets = .nuget\NuGet.targets
	EndProjectSection
EndProject
Project("{FAE04EC0-301F-11D3-BF4B-00C04F79EFBC}") = "HashTag.Logging.Service.API", "HashTag.Logging.Service.API\HashTag.Logging.Service.API.csproj", "{0B8B9317-6889-4D8A-9A73-EF0AB17BD552}"
EndProject
Project("{FAE04EC0-301F-11D3-BF4B-00C04F79EFBC}") = "LogEventProcessor_TestHarness", "__DemosAndSupport\LogEventProcessor_TestHarness\LogEventProcessor_TestHarness.csproj", "{88CC2B6A-468D-4DD0-953A-7FBF6C6CF9AF}"
EndProject
Project("{FAE04EC0-301F-11D3-BF4B-00C04F79EFBC}") = "HashTag.Core.Tests", "HashTag.Core.Tests\HashTag.Core.Tests.csproj", "{1E351F54-3E4A-4E51-A99F-A292F76AFEFF}"
EndProject
Project("{FAE04EC0-301F-11D3-BF4B-00C04F79EFBC}") = "HashTag.Logging.MSSQL", "HashTag.Logging.MSSQL\HashTag.Logging.MSSQL.csproj", "{1837960F-BB20-44A1-AF38-E96A55C9EEBE}"
EndProject
Global
	GlobalSection(SolutionConfigurationPlatforms) = preSolution
		Debug|Any CPU = Debug|Any CPU
		Debug|x86 = Debug|x86
		Net40|Any CPU = Net40|Any CPU
		Net40|x86 = Net40|x86
		Release|Any CPU = Release|Any CPU
		Release|x86 = Release|x86
	EndGlobalSection
	GlobalSection(ProjectConfigurationPlatforms) = postSolution
		{51C1F103-D28A-4DF0-948F-5F028B02F8D8}.Debug|Any CPU.ActiveCfg = Debug|Any CPU
		{51C1F103-D28A-4DF0-948F-5F028B02F8D8}.Debug|Any CPU.Build.0 = Debug|Any CPU
		{51C1F103-D28A-4DF0-948F-5F028B02F8D8}.Debug|x86.ActiveCfg = Debug|Any CPU
		{51C1F103-D28A-4DF0-948F-5F028B02F8D8}.Net40|Any CPU.ActiveCfg = Release|Any CPU
		{51C1F103-D28A-4DF0-948F-5F028B02F8D8}.Net40|Any CPU.Build.0 = Release|Any CPU
		{51C1F103-D28A-4DF0-948F-5F028B02F8D8}.Net40|x86.ActiveCfg = Release|Any CPU
		{51C1F103-D28A-4DF0-948F-5F028B02F8D8}.Release|Any CPU.ActiveCfg = Release|Any CPU
		{51C1F103-D28A-4DF0-948F-5F028B02F8D8}.Release|Any CPU.Build.0 = Release|Any CPU
		{51C1F103-D28A-4DF0-948F-5F028B02F8D8}.Release|x86.ActiveCfg = Release|Any CPU
		{6881591D-3A09-4A80-85BE-564222CD9595}.Debug|Any CPU.ActiveCfg = Debug|Any CPU
		{6881591D-3A09-4A80-85BE-564222CD9595}.Debug|Any CPU.Build.0 = Debug|Any CPU
		{6881591D-3A09-4A80-85BE-564222CD9595}.Debug|x86.ActiveCfg = Debug|Any CPU
		{6881591D-3A09-4A80-85BE-564222CD9595}.Net40|Any CPU.ActiveCfg = Release|Any CPU
		{6881591D-3A09-4A80-85BE-564222CD9595}.Net40|Any CPU.Build.0 = Release|Any CPU
		{6881591D-3A09-4A80-85BE-564222CD9595}.Net40|x86.ActiveCfg = Release|Any CPU
		{6881591D-3A09-4A80-85BE-564222CD9595}.Release|Any CPU.ActiveCfg = Release|Any CPU
		{6881591D-3A09-4A80-85BE-564222CD9595}.Release|Any CPU.Build.0 = Release|Any CPU
		{6881591D-3A09-4A80-85BE-564222CD9595}.Release|x86.ActiveCfg = Release|Any CPU
		{C92DC151-A0BA-4A5E-A20E-620EC9C06AFF}.Debug|Any CPU.ActiveCfg = Debug|Any CPU
		{C92DC151-A0BA-4A5E-A20E-620EC9C06AFF}.Debug|Any CPU.Build.0 = Debug|Any CPU
		{C92DC151-A0BA-4A5E-A20E-620EC9C06AFF}.Debug|x86.ActiveCfg = Debug|Any CPU
		{C92DC151-A0BA-4A5E-A20E-620EC9C06AFF}.Net40|Any CPU.ActiveCfg = Release|Any CPU
		{C92DC151-A0BA-4A5E-A20E-620EC9C06AFF}.Net40|Any CPU.Build.0 = Release|Any CPU
		{C92DC151-A0BA-4A5E-A20E-620EC9C06AFF}.Net40|x86.ActiveCfg = Release|Any CPU
		{C92DC151-A0BA-4A5E-A20E-620EC9C06AFF}.Release|Any CPU.ActiveCfg = Release|Any CPU
		{C92DC151-A0BA-4A5E-A20E-620EC9C06AFF}.Release|Any CPU.Build.0 = Release|Any CPU
		{C92DC151-A0BA-4A5E-A20E-620EC9C06AFF}.Release|x86.ActiveCfg = Release|Any CPU
		{55B5D26B-95EC-436A-BCCC-684DCF88F9CB}.Debug|Any CPU.ActiveCfg = Debug|Any CPU
		{55B5D26B-95EC-436A-BCCC-684DCF88F9CB}.Debug|Any CPU.Build.0 = Debug|Any CPU
		{55B5D26B-95EC-436A-BCCC-684DCF88F9CB}.Debug|x86.ActiveCfg = Debug|Any CPU
		{55B5D26B-95EC-436A-BCCC-684DCF88F9CB}.Net40|Any CPU.ActiveCfg = Release|Any CPU
		{55B5D26B-95EC-436A-BCCC-684DCF88F9CB}.Net40|Any CPU.Build.0 = Release|Any CPU
		{55B5D26B-95EC-436A-BCCC-684DCF88F9CB}.Net40|x86.ActiveCfg = Release|Any CPU
		{55B5D26B-95EC-436A-BCCC-684DCF88F9CB}.Release|Any CPU.ActiveCfg = Release|Any CPU
		{55B5D26B-95EC-436A-BCCC-684DCF88F9CB}.Release|Any CPU.Build.0 = Release|Any CPU
		{55B5D26B-95EC-436A-BCCC-684DCF88F9CB}.Release|x86.ActiveCfg = Release|Any CPU
		{B191913A-1C54-4356-B436-F8CFA2F269F9}.Debug|Any CPU.ActiveCfg = Debug|Any CPU
		{B191913A-1C54-4356-B436-F8CFA2F269F9}.Debug|Any CPU.Build.0 = Debug|Any CPU
		{B191913A-1C54-4356-B436-F8CFA2F269F9}.Debug|x86.ActiveCfg = Debug|Any CPU
		{B191913A-1C54-4356-B436-F8CFA2F269F9}.Net40|Any CPU.ActiveCfg = Release|Any CPU
		{B191913A-1C54-4356-B436-F8CFA2F269F9}.Net40|Any CPU.Build.0 = Release|Any CPU
		{B191913A-1C54-4356-B436-F8CFA2F269F9}.Net40|x86.ActiveCfg = Release|Any CPU
		{B191913A-1C54-4356-B436-F8CFA2F269F9}.Release|Any CPU.ActiveCfg = Release|Any CPU
		{B191913A-1C54-4356-B436-F8CFA2F269F9}.Release|Any CPU.Build.0 = Release|Any CPU
		{B191913A-1C54-4356-B436-F8CFA2F269F9}.Release|x86.ActiveCfg = Release|Any CPU
		{4CCD8FCC-8BFD-4787-8D0F-67994CB1D83D}.Debug|Any CPU.ActiveCfg = Debug|Any CPU
		{4CCD8FCC-8BFD-4787-8D0F-67994CB1D83D}.Debug|Any CPU.Build.0 = Debug|Any CPU
		{4CCD8FCC-8BFD-4787-8D0F-67994CB1D83D}.Debug|x86.ActiveCfg = Debug|x86
		{4CCD8FCC-8BFD-4787-8D0F-67994CB1D83D}.Debug|x86.Build.0 = Debug|x86
		{4CCD8FCC-8BFD-4787-8D0F-67994CB1D83D}.Net40|Any CPU.ActiveCfg = Net40|Any CPU
		{4CCD8FCC-8BFD-4787-8D0F-67994CB1D83D}.Net40|Any CPU.Build.0 = Net40|Any CPU
		{4CCD8FCC-8BFD-4787-8D0F-67994CB1D83D}.Net40|x86.ActiveCfg = Net40|x86
		{4CCD8FCC-8BFD-4787-8D0F-67994CB1D83D}.Net40|x86.Build.0 = Net40|x86
		{4CCD8FCC-8BFD-4787-8D0F-67994CB1D83D}.Release|Any CPU.ActiveCfg = Release|Any CPU
		{4CCD8FCC-8BFD-4787-8D0F-67994CB1D83D}.Release|Any CPU.Build.0 = Release|Any CPU
		{4CCD8FCC-8BFD-4787-8D0F-67994CB1D83D}.Release|x86.ActiveCfg = Release|x86
		{4CCD8FCC-8BFD-4787-8D0F-67994CB1D83D}.Release|x86.Build.0 = Release|x86
		{49139C04-DC1A-420C-83AE-072BD986E2EF}.Debug|Any CPU.ActiveCfg = Debug|Any CPU
		{49139C04-DC1A-420C-83AE-072BD986E2EF}.Debug|Any CPU.Build.0 = Debug|Any CPU
		{49139C04-DC1A-420C-83AE-072BD986E2EF}.Debug|x86.ActiveCfg = Debug|Any CPU
		{49139C04-DC1A-420C-83AE-072BD986E2EF}.Net40|Any CPU.ActiveCfg = Release|Any CPU
		{49139C04-DC1A-420C-83AE-072BD986E2EF}.Net40|Any CPU.Build.0 = Release|Any CPU
		{49139C04-DC1A-420C-83AE-072BD986E2EF}.Net40|x86.ActiveCfg = Release|Any CPU
		{49139C04-DC1A-420C-83AE-072BD986E2EF}.Release|Any CPU.ActiveCfg = Release|Any CPU
		{49139C04-DC1A-420C-83AE-072BD986E2EF}.Release|Any CPU.Build.0 = Release|Any CPU
		{49139C04-DC1A-420C-83AE-072BD986E2EF}.Release|x86.ActiveCfg = Release|Any CPU
		{1E50E3C1-3D9D-491E-BD8A-C3C9FDE48722}.Debug|Any CPU.ActiveCfg = Debug|Any CPU
		{1E50E3C1-3D9D-491E-BD8A-C3C9FDE48722}.Debug|Any CPU.Build.0 = Debug|Any CPU
		{1E50E3C1-3D9D-491E-BD8A-C3C9FDE48722}.Debug|x86.ActiveCfg = Debug|Any CPU
		{1E50E3C1-3D9D-491E-BD8A-C3C9FDE48722}.Net40|Any CPU.ActiveCfg = Release|Any CPU
		{1E50E3C1-3D9D-491E-BD8A-C3C9FDE48722}.Net40|Any CPU.Build.0 = Release|Any CPU
		{1E50E3C1-3D9D-491E-BD8A-C3C9FDE48722}.Net40|x86.ActiveCfg = Release|Any CPU
		{1E50E3C1-3D9D-491E-BD8A-C3C9FDE48722}.Release|Any CPU.ActiveCfg = Release|Any CPU
		{1E50E3C1-3D9D-491E-BD8A-C3C9FDE48722}.Release|Any CPU.Build.0 = Release|Any CPU
		{1E50E3C1-3D9D-491E-BD8A-C3C9FDE48722}.Release|x86.ActiveCfg = Release|Any CPU
		{0B8B9317-6889-4D8A-9A73-EF0AB17BD552}.Debug|Any CPU.ActiveCfg = Debug|Any CPU
		{0B8B9317-6889-4D8A-9A73-EF0AB17BD552}.Debug|Any CPU.Build.0 = Debug|Any CPU
		{0B8B9317-6889-4D8A-9A73-EF0AB17BD552}.Debug|x86.ActiveCfg = Debug|Any CPU
		{0B8B9317-6889-4D8A-9A73-EF0AB17BD552}.Net40|Any CPU.ActiveCfg = Release|Any CPU
		{0B8B9317-6889-4D8A-9A73-EF0AB17BD552}.Net40|Any CPU.Build.0 = Release|Any CPU
		{0B8B9317-6889-4D8A-9A73-EF0AB17BD552}.Net40|x86.ActiveCfg = Release|Any CPU
		{0B8B9317-6889-4D8A-9A73-EF0AB17BD552}.Release|Any CPU.ActiveCfg = Release|Any CPU
		{0B8B9317-6889-4D8A-9A73-EF0AB17BD552}.Release|Any CPU.Build.0 = Release|Any CPU
		{0B8B9317-6889-4D8A-9A73-EF0AB17BD552}.Release|x86.ActiveCfg = Release|Any CPU
		{88CC2B6A-468D-4DD0-953A-7FBF6C6CF9AF}.Debug|Any CPU.ActiveCfg = Debug|Any CPU
		{88CC2B6A-468D-4DD0-953A-7FBF6C6CF9AF}.Debug|Any CPU.Build.0 = Debug|Any CPU
		{88CC2B6A-468D-4DD0-953A-7FBF6C6CF9AF}.Debug|x86.ActiveCfg = Debug|Any CPU
		{88CC2B6A-468D-4DD0-953A-7FBF6C6CF9AF}.Net40|Any CPU.ActiveCfg = Release|Any CPU
		{88CC2B6A-468D-4DD0-953A-7FBF6C6CF9AF}.Net40|Any CPU.Build.0 = Release|Any CPU
		{88CC2B6A-468D-4DD0-953A-7FBF6C6CF9AF}.Net40|x86.ActiveCfg = Release|Any CPU
		{88CC2B6A-468D-4DD0-953A-7FBF6C6CF9AF}.Release|Any CPU.ActiveCfg = Release|Any CPU
		{88CC2B6A-468D-4DD0-953A-7FBF6C6CF9AF}.Release|Any CPU.Build.0 = Release|Any CPU
		{88CC2B6A-468D-4DD0-953A-7FBF6C6CF9AF}.Release|x86.ActiveCfg = Release|Any CPU
		{1E351F54-3E4A-4E51-A99F-A292F76AFEFF}.Debug|Any CPU.ActiveCfg = Debug|Any CPU
		{1E351F54-3E4A-4E51-A99F-A292F76AFEFF}.Debug|Any CPU.Build.0 = Debug|Any CPU
		{1E351F54-3E4A-4E51-A99F-A292F76AFEFF}.Debug|x86.ActiveCfg = Debug|Any CPU
		{1E351F54-3E4A-4E51-A99F-A292F76AFEFF}.Net40|Any CPU.ActiveCfg = Release|Any CPU
		{1E351F54-3E4A-4E51-A99F-A292F76AFEFF}.Net40|Any CPU.Build.0 = Release|Any CPU
		{1E351F54-3E4A-4E51-A99F-A292F76AFEFF}.Net40|x86.ActiveCfg = Release|Any CPU
		{1E351F54-3E4A-4E51-A99F-A292F76AFEFF}.Release|Any CPU.ActiveCfg = Release|Any CPU
		{1E351F54-3E4A-4E51-A99F-A292F76AFEFF}.Release|Any CPU.Build.0 = Release|Any CPU
		{1E351F54-3E4A-4E51-A99F-A292F76AFEFF}.Release|x86.ActiveCfg = Release|Any CPU
		{1837960F-BB20-44A1-AF38-E96A55C9EEBE}.Debug|Any CPU.ActiveCfg = Debug|Any CPU
		{1837960F-BB20-44A1-AF38-E96A55C9EEBE}.Debug|Any CPU.Build.0 = Debug|Any CPU
		{1837960F-BB20-44A1-AF38-E96A55C9EEBE}.Debug|x86.ActiveCfg = Debug|Any CPU
		{1837960F-BB20-44A1-AF38-E96A55C9EEBE}.Net40|Any CPU.ActiveCfg = Release|Any CPU
		{1837960F-BB20-44A1-AF38-E96A55C9EEBE}.Net40|Any CPU.Build.0 = Release|Any CPU
		{1837960F-BB20-44A1-AF38-E96A55C9EEBE}.Net40|x86.ActiveCfg = Release|Any CPU
		{1837960F-BB20-44A1-AF38-E96A55C9EEBE}.Release|Any CPU.ActiveCfg = Release|Any CPU
		{1837960F-BB20-44A1-AF38-E96A55C9EEBE}.Release|Any CPU.Build.0 = Release|Any CPU
		{1837960F-BB20-44A1-AF38-E96A55C9EEBE}.Release|x86.ActiveCfg = Release|Any CPU
	EndGlobalSection
	GlobalSection(SolutionProperties) = preSolution
		HideSolutionNode = FALSE
	EndGlobalSection
	GlobalSection(NestedProjects) = preSolution
		{C92DC151-A0BA-4A5E-A20E-620EC9C06AFF} = {F1B15DD9-8870-430E-89C5-DF5F1E469907}
		{55B5D26B-95EC-436A-BCCC-684DCF88F9CB} = {E3CF7125-5D53-4D44-B808-021488E0FAF3}
		{4CCD8FCC-8BFD-4787-8D0F-67994CB1D83D} = {F1B15DD9-8870-430E-89C5-DF5F1E469907}
		{49139C04-DC1A-420C-83AE-072BD986E2EF} = {F1B15DD9-8870-430E-89C5-DF5F1E469907}
		{1E50E3C1-3D9D-491E-BD8A-C3C9FDE48722} = {F1B15DD9-8870-430E-89C5-DF5F1E469907}
		{88CC2B6A-468D-4DD0-953A-7FBF6C6CF9AF} = {E3CF7125-5D53-4D44-B808-021488E0FAF3}
		{1E351F54-3E4A-4E51-A99F-A292F76AFEFF} = {F1B15DD9-8870-430E-89C5-DF5F1E469907}
	EndGlobalSection
EndGlobal
