
Microsoft Visual Studio Solution File, Format Version 12.00
# Visual Studio 2013
VisualStudioVersion = 12.0.31101.0
MinimumVisualStudioVersion = 10.0.40219.1
Project("{FAE04EC0-301F-11D3-BF4B-00C04F79EFBC}") = "HashTag.Logging.Web.Service", "HashTag.Logging.Web.Service\HashTag.Logging.Web.Service.csproj", "{51C1F103-D28A-4DF0-948F-5F028B02F8D8}"
EndProject
Project("{FAE04EC0-301F-11D3-BF4B-00C04F79EFBC}") = "HashTag.Logging.Web.Library", "HashTag.Logging.Web.Library\HashTag.Logging.Web.Library.csproj", "{6881591D-3A09-4A80-85BE-564222CD9595}"
EndProject
Project("{FAE04EC0-301F-11D3-BF4B-00C04F79EFBC}") = "HashTag.Elmah", "HashTag.Elmah\HashTag.Elmah.csproj", "{C92DC151-A0BA-4A5E-A20E-620EC9C06AFF}"
EndProject
Project("{2150E333-8FDC-42A3-9474-1A3956D46DE8}") = "__DemosAndSupport", "__DemosAndSupport", "{E3CF7125-5D53-4D44-B808-021488E0FAF3}"
EndProject
Project("{FAE04EC0-301F-11D3-BF4B-00C04F79EFBC}") = "HashTag.MVC.Elmah.RestClientDemo", "__DemosAndSupport\HashTag.MVC.Elmah.RestClientDemo\HashTag.MVC.Elmah.RestClientDemo.csproj", "{55B5D26B-95EC-436A-BCCC-684DCF88F9CB}"
EndProject
Project("{FAE04EC0-301F-11D3-BF4B-00C04F79EFBC}") = "HashTag.Elmah.RestProxy", "HashTag.Elmah.RestProxy\HashTag.Elmah.RestProxy.csproj", "{B191913A-1C54-4356-B436-F8CFA2F269F9}"
EndProject
Project("{FAE04EC0-301F-11D3-BF4B-00C04F79EFBC}") = "HashTag.Core.Project", "HashTag.Core.Project\HashTag.Core.Project.csproj", "{4CCD8FCC-8BFD-4787-8D0F-67994CB1D83D}"
EndProject
Global
	GlobalSection(SolutionConfigurationPlatforms) = preSolution
		Debug|Any CPU = Debug|Any CPU
		Debug|x86 = Debug|x86
		Net40|Any CPU = Net40|Any CPU
		Net40|x86 = Net40|x86
		Release|Any CPU = Release|Any CPU
		Release|x86 = Release|x86
	EndGlobalSection
	GlobalSection(ProjectConfigurationPlatforms) = postSolution
		{51C1F103-D28A-4DF0-948F-5F028B02F8D8}.Debug|Any CPU.ActiveCfg = Debug|Any CPU
		{51C1F103-D28A-4DF0-948F-5F028B02F8D8}.Debug|Any CPU.Build.0 = Debug|Any CPU
		{51C1F103-D28A-4DF0-948F-5F028B02F8D8}.Debug|x86.ActiveCfg = Debug|Any CPU
		{51C1F103-D28A-4DF0-948F-5F028B02F8D8}.Net40|Any CPU.ActiveCfg = Release|Any CPU
		{51C1F103-D28A-4DF0-948F-5F028B02F8D8}.Net40|Any CPU.Build.0 = Release|Any CPU
		{51C1F103-D28A-4DF0-948F-5F028B02F8D8}.Net40|x86.ActiveCfg = Release|Any CPU
		{51C1F103-D28A-4DF0-948F-5F028B02F8D8}.Release|Any CPU.ActiveCfg = Release|Any CPU
		{51C1F103-D28A-4DF0-948F-5F028B02F8D8}.Release|Any CPU.Build.0 = Release|Any CPU
		{51C1F103-D28A-4DF0-948F-5F028B02F8D8}.Release|x86.ActiveCfg = Release|Any CPU
		{6881591D-3A09-4A80-85BE-564222CD9595}.Debug|Any CPU.ActiveCfg = Debug|Any CPU
		{6881591D-3A09-4A80-85BE-564222CD9595}.Debug|Any CPU.Build.0 = Debug|Any CPU
		{6881591D-3A09-4A80-85BE-564222CD9595}.Debug|x86.ActiveCfg = Debug|Any CPU
		{6881591D-3A09-4A80-85BE-564222CD9595}.Net40|Any CPU.ActiveCfg = Release|Any CPU
		{6881591D-3A09-4A80-85BE-564222CD9595}.Net40|Any CPU.Build.0 = Release|Any CPU
		{6881591D-3A09-4A80-85BE-564222CD9595}.Net40|x86.ActiveCfg = Release|Any CPU
		{6881591D-3A09-4A80-85BE-564222CD9595}.Release|Any CPU.ActiveCfg = Release|Any CPU
		{6881591D-3A09-4A80-85BE-564222CD9595}.Release|Any CPU.Build.0 = Release|Any CPU
		{6881591D-3A09-4A80-85BE-564222CD9595}.Release|x86.ActiveCfg = Release|Any CPU
		{C92DC151-A0BA-4A5E-A20E-620EC9C06AFF}.Debug|Any CPU.ActiveCfg = Debug|Any CPU
		{C92DC151-A0BA-4A5E-A20E-620EC9C06AFF}.Debug|Any CPU.Build.0 = Debug|Any CPU
		{C92DC151-A0BA-4A5E-A20E-620EC9C06AFF}.Debug|x86.ActiveCfg = Debug|Any CPU
		{C92DC151-A0BA-4A5E-A20E-620EC9C06AFF}.Net40|Any CPU.ActiveCfg = Release|Any CPU
		{C92DC151-A0BA-4A5E-A20E-620EC9C06AFF}.Net40|Any CPU.Build.0 = Release|Any CPU
		{C92DC151-A0BA-4A5E-A20E-620EC9C06AFF}.Net40|x86.ActiveCfg = Release|Any CPU
		{C92DC151-A0BA-4A5E-A20E-620EC9C06AFF}.Release|Any CPU.ActiveCfg = Release|Any CPU
		{C92DC151-A0BA-4A5E-A20E-620EC9C06AFF}.Release|Any CPU.Build.0 = Release|Any CPU
		{C92DC151-A0BA-4A5E-A20E-620EC9C06AFF}.Release|x86.ActiveCfg = Release|Any CPU
		{55B5D26B-95EC-436A-BCCC-684DCF88F9CB}.Debug|Any CPU.ActiveCfg = Debug|Any CPU
		{55B5D26B-95EC-436A-BCCC-684DCF88F9CB}.Debug|Any CPU.Build.0 = Debug|Any CPU
		{55B5D26B-95EC-436A-BCCC-684DCF88F9CB}.Debug|x86.ActiveCfg = Debug|Any CPU
		{55B5D26B-95EC-436A-BCCC-684DCF88F9CB}.Net40|Any CPU.ActiveCfg = Release|Any CPU
		{55B5D26B-95EC-436A-BCCC-684DCF88F9CB}.Net40|Any CPU.Build.0 = Release|Any CPU
		{55B5D26B-95EC-436A-BCCC-684DCF88F9CB}.Net40|x86.ActiveCfg = Release|Any CPU
		{55B5D26B-95EC-436A-BCCC-684DCF88F9CB}.Release|Any CPU.ActiveCfg = Release|Any CPU
		{55B5D26B-95EC-436A-BCCC-684DCF88F9CB}.Release|Any CPU.Build.0 = Release|Any CPU
		{55B5D26B-95EC-436A-BCCC-684DCF88F9CB}.Release|x86.ActiveCfg = Release|Any CPU
		{B191913A-1C54-4356-B436-F8CFA2F269F9}.Debug|Any CPU.ActiveCfg = Debug|Any CPU
		{B191913A-1C54-4356-B436-F8CFA2F269F9}.Debug|Any CPU.Build.0 = Debug|Any CPU
		{B191913A-1C54-4356-B436-F8CFA2F269F9}.Debug|x86.ActiveCfg = Debug|Any CPU
		{B191913A-1C54-4356-B436-F8CFA2F269F9}.Net40|Any CPU.ActiveCfg = Release|Any CPU
		{B191913A-1C54-4356-B436-F8CFA2F269F9}.Net40|Any CPU.Build.0 = Release|Any CPU
		{B191913A-1C54-4356-B436-F8CFA2F269F9}.Net40|x86.ActiveCfg = Release|Any CPU
		{B191913A-1C54-4356-B436-F8CFA2F269F9}.Release|Any CPU.ActiveCfg = Release|Any CPU
		{B191913A-1C54-4356-B436-F8CFA2F269F9}.Release|Any CPU.Build.0 = Release|Any CPU
		{B191913A-1C54-4356-B436-F8CFA2F269F9}.Release|x86.ActiveCfg = Release|Any CPU
		{4CCD8FCC-8BFD-4787-8D0F-67994CB1D83D}.Debug|Any CPU.ActiveCfg = Debug|Any CPU
		{4CCD8FCC-8BFD-4787-8D0F-67994CB1D83D}.Debug|Any CPU.Build.0 = Debug|Any CPU
		{4CCD8FCC-8BFD-4787-8D0F-67994CB1D83D}.Debug|x86.ActiveCfg = Debug|x86
		{4CCD8FCC-8BFD-4787-8D0F-67994CB1D83D}.Debug|x86.Build.0 = Debug|x86
		{4CCD8FCC-8BFD-4787-8D0F-67994CB1D83D}.Net40|Any CPU.ActiveCfg = Net40|Any CPU
		{4CCD8FCC-8BFD-4787-8D0F-67994CB1D83D}.Net40|Any CPU.Build.0 = Net40|Any CPU
		{4CCD8FCC-8BFD-4787-8D0F-67994CB1D83D}.Net40|x86.ActiveCfg = Net40|x86
		{4CCD8FCC-8BFD-4787-8D0F-67994CB1D83D}.Net40|x86.Build.0 = Net40|x86
		{4CCD8FCC-8BFD-4787-8D0F-67994CB1D83D}.Release|Any CPU.ActiveCfg = Release|Any CPU
		{4CCD8FCC-8BFD-4787-8D0F-67994CB1D83D}.Release|Any CPU.Build.0 = Release|Any CPU
		{4CCD8FCC-8BFD-4787-8D0F-67994CB1D83D}.Release|x86.ActiveCfg = Release|x86
		{4CCD8FCC-8BFD-4787-8D0F-67994CB1D83D}.Release|x86.Build.0 = Release|x86
	EndGlobalSection
	GlobalSection(SolutionProperties) = preSolution
		HideSolutionNode = FALSE
	EndGlobalSection
	GlobalSection(NestedProjects) = preSolution
		{55B5D26B-95EC-436A-BCCC-684DCF88F9CB} = {E3CF7125-5D53-4D44-B808-021488E0FAF3}
	EndGlobalSection
EndGlobal
